// !$*UTF8*$!
{
	archiveVersion = 1;
	classes = {
	};
	objectVersion = 46;
	objects = {

/* Begin PBXBuildFile section */
		B17D8E461E7228890045B330 /* BuddyUp.xcdatamodeld in Sources */ = {isa = PBXBuildFile; fileRef = B17D8E441E7228890045B330 /* BuddyUp.xcdatamodeld */; };
		B17D8E481E7228890045B330 /* Assets.xcassets in Resources */ = {isa = PBXBuildFile; fileRef = B17D8E471E7228890045B330 /* Assets.xcassets */; };
		B17D8E5A1E7229840045B330 /* AWSCognito.framework in Frameworks */ = {isa = PBXBuildFile; fileRef = B17D8E561E7229840045B330 /* AWSCognito.framework */; };
		B17D8E5B1E7229840045B330 /* AWSCognito.framework in Embed Frameworks */ = {isa = PBXBuildFile; fileRef = B17D8E561E7229840045B330 /* AWSCognito.framework */; settings = {ATTRIBUTES = (CodeSignOnCopy, RemoveHeadersOnCopy, ); }; };
		B17D8E5C1E7229840045B330 /* AWSCore.framework in Frameworks */ = {isa = PBXBuildFile; fileRef = B17D8E571E7229840045B330 /* AWSCore.framework */; };
		B17D8E5D1E7229840045B330 /* AWSCore.framework in Embed Frameworks */ = {isa = PBXBuildFile; fileRef = B17D8E571E7229840045B330 /* AWSCore.framework */; settings = {ATTRIBUTES = (CodeSignOnCopy, RemoveHeadersOnCopy, ); }; };
		B17D8E5E1E7229840045B330 /* AWSDynamoDB.framework in Frameworks */ = {isa = PBXBuildFile; fileRef = B17D8E581E7229840045B330 /* AWSDynamoDB.framework */; };
		B17D8E5F1E7229840045B330 /* AWSDynamoDB.framework in Embed Frameworks */ = {isa = PBXBuildFile; fileRef = B17D8E581E7229840045B330 /* AWSDynamoDB.framework */; settings = {ATTRIBUTES = (CodeSignOnCopy, RemoveHeadersOnCopy, ); }; };
		B17D8E601E7229840045B330 /* AWSS3.framework in Frameworks */ = {isa = PBXBuildFile; fileRef = B17D8E591E7229840045B330 /* AWSS3.framework */; };
		B17D8E611E7229840045B330 /* AWSS3.framework in Embed Frameworks */ = {isa = PBXBuildFile; fileRef = B17D8E591E7229840045B330 /* AWSS3.framework */; settings = {ATTRIBUTES = (CodeSignOnCopy, RemoveHeadersOnCopy, ); }; };
		B17D8E651E72299D0045B330 /* FBSDKCoreKit.framework in Frameworks */ = {isa = PBXBuildFile; fileRef = B17D8E631E72299D0045B330 /* FBSDKCoreKit.framework */; };
		B17D8E661E72299D0045B330 /* FBSDKLoginKit.framework in Frameworks */ = {isa = PBXBuildFile; fileRef = B17D8E641E72299D0045B330 /* FBSDKLoginKit.framework */; };
		B17D8E681E7229AD0045B330 /* libz.tbd in Frameworks */ = {isa = PBXBuildFile; fileRef = B17D8E671E7229AD0045B330 /* libz.tbd */; };
		B17D8E6A1E7229B80045B330 /* libsqlite3.tbd in Frameworks */ = {isa = PBXBuildFile; fileRef = B17D8E691E7229B80045B330 /* libsqlite3.tbd */; };
		B17D8E6C1E7229BE0045B330 /* UIKit.framework in Frameworks */ = {isa = PBXBuildFile; fileRef = B17D8E6B1E7229BE0045B330 /* UIKit.framework */; };
		B17D8E6E1E7229CD0045B330 /* SystemConfiguration.framework in Frameworks */ = {isa = PBXBuildFile; fileRef = B17D8E6D1E7229CD0045B330 /* SystemConfiguration.framework */; };
		B17D8E701E7229DB0045B330 /* AWSMobileHubHelper.framework in Frameworks */ = {isa = PBXBuildFile; fileRef = B17D8E6F1E7229DB0045B330 /* AWSMobileHubHelper.framework */; };
		B17D8E721E7229E80045B330 /* Security.framework in Frameworks */ = {isa = PBXBuildFile; fileRef = B17D8E711E7229E80045B330 /* Security.framework */; };
		B17D8E741E7229F10045B330 /* CFNetwork.framework in Frameworks */ = {isa = PBXBuildFile; fileRef = B17D8E731E7229F10045B330 /* CFNetwork.framework */; };
		B17D8E761E7229F90045B330 /* Foundation.framework in Frameworks */ = {isa = PBXBuildFile; fileRef = B17D8E751E7229F90045B330 /* Foundation.framework */; };
		B17D8E781E722A010045B330 /* MediaPlayer.framework in Frameworks */ = {isa = PBXBuildFile; fileRef = B17D8E771E722A010045B330 /* MediaPlayer.framework */; };
		B17D8E7A1E722A060045B330 /* SafariServices.framework in Frameworks */ = {isa = PBXBuildFile; fileRef = B17D8E791E722A060045B330 /* SafariServices.framework */; };
		B17D8E7E1E722A540045B330 /* LaunchScreen.storyboard in Resources */ = {isa = PBXBuildFile; fileRef = B17D8E7C1E722A540045B330 /* LaunchScreen.storyboard */; };
		B17D8E7F1E722A540045B330 /* SignIn.storyboard in Resources */ = {isa = PBXBuildFile; fileRef = B17D8E7D1E722A540045B330 /* SignIn.storyboard */; };
		B17D8E831E722A7C0045B330 /* AppDelegate.swift in Sources */ = {isa = PBXBuildFile; fileRef = B17D8E811E722A7C0045B330 /* AppDelegate.swift */; };
		B17D8E841E722A7C0045B330 /* SignInViewController.swift in Sources */ = {isa = PBXBuildFile; fileRef = B17D8E821E722A7C0045B330 /* SignInViewController.swift */; };
		B17D8E861E722D540045B330 /* AWSMobileClient.swift in Sources */ = {isa = PBXBuildFile; fileRef = B17D8E851E722D540045B330 /* AWSMobileClient.swift */; };
		B17D8E931E7237850045B330 /* SignInViewControllerExtensions.swift in Sources */ = {isa = PBXBuildFile; fileRef = B17D8E8D1E7237850045B330 /* SignInViewControllerExtensions.swift */; };
		B17D8E941E7237850045B330 /* UserPoolForgotPasswordViewController.swift in Sources */ = {isa = PBXBuildFile; fileRef = B17D8E8E1E7237850045B330 /* UserPoolForgotPasswordViewController.swift */; };
		B17D8E951E7237850045B330 /* UserPoolMFAViewController.swift in Sources */ = {isa = PBXBuildFile; fileRef = B17D8E8F1E7237850045B330 /* UserPoolMFAViewController.swift */; };
		B17D8E961E7237850045B330 /* UserPoolNewPasswordViewController.swift in Sources */ = {isa = PBXBuildFile; fileRef = B17D8E901E7237850045B330 /* UserPoolNewPasswordViewController.swift */; };
		B17D8E971E7237850045B330 /* UserPoolSignUpConfirmationViewController.swift in Sources */ = {isa = PBXBuildFile; fileRef = B17D8E911E7237850045B330 /* UserPoolSignUpConfirmationViewController.swift */; };
		B17D8E981E7237850045B330 /* UserPoolSignUpViewController.swift in Sources */ = {isa = PBXBuildFile; fileRef = B17D8E921E7237850045B330 /* UserPoolSignUpViewController.swift */; };
		B17D8E9A1E7237A70045B330 /* UserPools.storyboard in Resources */ = {isa = PBXBuildFile; fileRef = B17D8E991E7237A70045B330 /* UserPools.storyboard */; };
		B17D8E9C1E723B520045B330 /* AWSCognitoIdentityProvider.framework in Frameworks */ = {isa = PBXBuildFile; fileRef = B17D8E9B1E723B510045B330 /* AWSCognitoIdentityProvider.framework */; };
		B17D8EA01E723C3E0045B330 /* AWSCognitoIdentityProvider.framework in Frameworks */ = {isa = PBXBuildFile; fileRef = B17D8E9F1E723C3E0045B330 /* AWSCognitoIdentityProvider.framework */; };
		B17D8EA11E723C550045B330 /* AWSCognitoIdentityProvider.framework in Frameworks */ = {isa = PBXBuildFile; fileRef = B17D8E9F1E723C3E0045B330 /* AWSCognitoIdentityProvider.framework */; };
		B17D8EA21E723C550045B330 /* AWSCognitoIdentityProvider.framework in Embed Frameworks */ = {isa = PBXBuildFile; fileRef = B17D8E9F1E723C3E0045B330 /* AWSCognitoIdentityProvider.framework */; settings = {ATTRIBUTES = (CodeSignOnCopy, RemoveHeadersOnCopy, ); }; };
/* End PBXBuildFile section */

/* Begin PBXCopyFilesBuildPhase section */
		B17D8E621E7229840045B330 /* Embed Frameworks */ = {
			isa = PBXCopyFilesBuildPhase;
			buildActionMask = 2147483647;
			dstPath = "";
			dstSubfolderSpec = 10;
			files = (
				B17D8E611E7229840045B330 /* AWSS3.framework in Embed Frameworks */,
				B17D8E5B1E7229840045B330 /* AWSCognito.framework in Embed Frameworks */,
				B17D8E5F1E7229840045B330 /* AWSDynamoDB.framework in Embed Frameworks */,
				B17D8EA21E723C550045B330 /* AWSCognitoIdentityProvider.framework in Embed Frameworks */,
				B17D8E5D1E7229840045B330 /* AWSCore.framework in Embed Frameworks */,
			);
			name = "Embed Frameworks";
			runOnlyForDeploymentPostprocessing = 0;
		};
/* End PBXCopyFilesBuildPhase section */

/* Begin PBXFileReference section */
		B17D8E3A1E7228890045B330 /* BuddyUp.app */ = {isa = PBXFileReference; explicitFileType = wrapper.application; includeInIndex = 0; path = BuddyUp.app; sourceTree = BUILT_PRODUCTS_DIR; };
		B17D8E451E7228890045B330 /* BuddyUp.xcdatamodel */ = {isa = PBXFileReference; lastKnownFileType = wrapper.xcdatamodel; path = BuddyUp.xcdatamodel; sourceTree = "<group>"; };
		B17D8E471E7228890045B330 /* Assets.xcassets */ = {isa = PBXFileReference; lastKnownFileType = folder.assetcatalog; path = Assets.xcassets; sourceTree = "<group>"; };
		B17D8E4C1E7228890045B330 /* Info.plist */ = {isa = PBXFileReference; lastKnownFileType = text.plist.xml; path = Info.plist; sourceTree = "<group>"; };
		B17D8E561E7229840045B330 /* AWSCognito.framework */ = {isa = PBXFileReference; lastKnownFileType = wrapper.framework; path = AWSCognito.framework; sourceTree = "<group>"; };
		B17D8E571E7229840045B330 /* AWSCore.framework */ = {isa = PBXFileReference; lastKnownFileType = wrapper.framework; path = AWSCore.framework; sourceTree = "<group>"; };
		B17D8E581E7229840045B330 /* AWSDynamoDB.framework */ = {isa = PBXFileReference; lastKnownFileType = wrapper.framework; path = AWSDynamoDB.framework; sourceTree = "<group>"; };
		B17D8E591E7229840045B330 /* AWSS3.framework */ = {isa = PBXFileReference; lastKnownFileType = wrapper.framework; path = AWSS3.framework; sourceTree = "<group>"; };
		B17D8E631E72299D0045B330 /* FBSDKCoreKit.framework */ = {isa = PBXFileReference; lastKnownFileType = wrapper.framework; path = FBSDKCoreKit.framework; sourceTree = "<group>"; };
		B17D8E641E72299D0045B330 /* FBSDKLoginKit.framework */ = {isa = PBXFileReference; lastKnownFileType = wrapper.framework; path = FBSDKLoginKit.framework; sourceTree = "<group>"; };
		B17D8E671E7229AD0045B330 /* libz.tbd */ = {isa = PBXFileReference; lastKnownFileType = "sourcecode.text-based-dylib-definition"; name = libz.tbd; path = usr/lib/libz.tbd; sourceTree = SDKROOT; };
		B17D8E691E7229B80045B330 /* libsqlite3.tbd */ = {isa = PBXFileReference; lastKnownFileType = "sourcecode.text-based-dylib-definition"; name = libsqlite3.tbd; path = usr/lib/libsqlite3.tbd; sourceTree = SDKROOT; };
		B17D8E6B1E7229BE0045B330 /* UIKit.framework */ = {isa = PBXFileReference; lastKnownFileType = wrapper.framework; name = UIKit.framework; path = System/Library/Frameworks/UIKit.framework; sourceTree = SDKROOT; };
		B17D8E6D1E7229CD0045B330 /* SystemConfiguration.framework */ = {isa = PBXFileReference; lastKnownFileType = wrapper.framework; name = SystemConfiguration.framework; path = System/Library/Frameworks/SystemConfiguration.framework; sourceTree = SDKROOT; };
		B17D8E6F1E7229DB0045B330 /* AWSMobileHubHelper.framework */ = {isa = PBXFileReference; lastKnownFileType = wrapper.framework; path = AWSMobileHubHelper.framework; sourceTree = "<group>"; };
		B17D8E711E7229E80045B330 /* Security.framework */ = {isa = PBXFileReference; lastKnownFileType = wrapper.framework; name = Security.framework; path = System/Library/Frameworks/Security.framework; sourceTree = SDKROOT; };
		B17D8E731E7229F10045B330 /* CFNetwork.framework */ = {isa = PBXFileReference; lastKnownFileType = wrapper.framework; name = CFNetwork.framework; path = System/Library/Frameworks/CFNetwork.framework; sourceTree = SDKROOT; };
		B17D8E751E7229F90045B330 /* Foundation.framework */ = {isa = PBXFileReference; lastKnownFileType = wrapper.framework; name = Foundation.framework; path = System/Library/Frameworks/Foundation.framework; sourceTree = SDKROOT; };
		B17D8E771E722A010045B330 /* MediaPlayer.framework */ = {isa = PBXFileReference; lastKnownFileType = wrapper.framework; name = MediaPlayer.framework; path = System/Library/Frameworks/MediaPlayer.framework; sourceTree = SDKROOT; };
		B17D8E791E722A060045B330 /* SafariServices.framework */ = {isa = PBXFileReference; lastKnownFileType = wrapper.framework; name = SafariServices.framework; path = System/Library/Frameworks/SafariServices.framework; sourceTree = SDKROOT; };
		B17D8E7C1E722A540045B330 /* LaunchScreen.storyboard */ = {isa = PBXFileReference; fileEncoding = 4; lastKnownFileType = file.storyboard; path = LaunchScreen.storyboard; sourceTree = "<group>"; };
		B17D8E7D1E722A540045B330 /* SignIn.storyboard */ = {isa = PBXFileReference; fileEncoding = 4; lastKnownFileType = file.storyboard; path = SignIn.storyboard; sourceTree = "<group>"; };
		B17D8E811E722A7C0045B330 /* AppDelegate.swift */ = {isa = PBXFileReference; fileEncoding = 4; lastKnownFileType = sourcecode.swift; path = AppDelegate.swift; sourceTree = "<group>"; };
		B17D8E821E722A7C0045B330 /* SignInViewController.swift */ = {isa = PBXFileReference; fileEncoding = 4; lastKnownFileType = sourcecode.swift; path = SignInViewController.swift; sourceTree = "<group>"; };
		B17D8E851E722D540045B330 /* AWSMobileClient.swift */ = {isa = PBXFileReference; fileEncoding = 4; lastKnownFileType = sourcecode.swift; path = AWSMobileClient.swift; sourceTree = "<group>"; };
		B17D8E8D1E7237850045B330 /* SignInViewControllerExtensions.swift */ = {isa = PBXFileReference; fileEncoding = 4; lastKnownFileType = sourcecode.swift; path = SignInViewControllerExtensions.swift; sourceTree = "<group>"; };
		B17D8E8E1E7237850045B330 /* UserPoolForgotPasswordViewController.swift */ = {isa = PBXFileReference; fileEncoding = 4; lastKnownFileType = sourcecode.swift; path = UserPoolForgotPasswordViewController.swift; sourceTree = "<group>"; };
		B17D8E8F1E7237850045B330 /* UserPoolMFAViewController.swift */ = {isa = PBXFileReference; fileEncoding = 4; lastKnownFileType = sourcecode.swift; path = UserPoolMFAViewController.swift; sourceTree = "<group>"; };
		B17D8E901E7237850045B330 /* UserPoolNewPasswordViewController.swift */ = {isa = PBXFileReference; fileEncoding = 4; lastKnownFileType = sourcecode.swift; path = UserPoolNewPasswordViewController.swift; sourceTree = "<group>"; };
		B17D8E911E7237850045B330 /* UserPoolSignUpConfirmationViewController.swift */ = {isa = PBXFileReference; fileEncoding = 4; lastKnownFileType = sourcecode.swift; path = UserPoolSignUpConfirmationViewController.swift; sourceTree = "<group>"; };
		B17D8E921E7237850045B330 /* UserPoolSignUpViewController.swift */ = {isa = PBXFileReference; fileEncoding = 4; lastKnownFileType = sourcecode.swift; path = UserPoolSignUpViewController.swift; sourceTree = "<group>"; };
		B17D8E991E7237A70045B330 /* UserPools.storyboard */ = {isa = PBXFileReference; fileEncoding = 4; lastKnownFileType = file.storyboard; path = UserPools.storyboard; sourceTree = "<group>"; };
		B17D8E9B1E723B510045B330 /* AWSCognitoIdentityProvider.framework */ = {isa = PBXFileReference; lastKnownFileType = wrapper.framework; name = AWSCognitoIdentityProvider.framework; path = "/Users/kylephan/Downloads/Buddy-Up-aws-my-sample-app-ios-swift/MySampleApp/MySampleApp/Sdk/Aws/AWSCognitoIdentityProvider.framework"; sourceTree = "<absolute>"; };
		B17D8E9F1E723C3E0045B330 /* AWSCognitoIdentityProvider.framework */ = {isa = PBXFileReference; lastKnownFileType = wrapper.framework; path = AWSCognitoIdentityProvider.framework; sourceTree = "<group>"; };
/* End PBXFileReference section */

/* Begin PBXFrameworksBuildPhase section */
		B17D8E371E7228890045B330 /* Frameworks */ = {
			isa = PBXFrameworksBuildPhase;
			buildActionMask = 2147483647;
			files = (
				B17D8E9C1E723B520045B330 /* AWSCognitoIdentityProvider.framework in Frameworks */,
				B17D8E7A1E722A060045B330 /* SafariServices.framework in Frameworks */,
				B17D8E781E722A010045B330 /* MediaPlayer.framework in Frameworks */,
				B17D8E761E7229F90045B330 /* Foundation.framework in Frameworks */,
				B17D8E741E7229F10045B330 /* CFNetwork.framework in Frameworks */,
				B17D8E721E7229E80045B330 /* Security.framework in Frameworks */,
				B17D8E6E1E7229CD0045B330 /* SystemConfiguration.framework in Frameworks */,
				B17D8EA01E723C3E0045B330 /* AWSCognitoIdentityProvider.framework in Frameworks */,
				B17D8EA11E723C550045B330 /* AWSCognitoIdentityProvider.framework in Frameworks */,
				B17D8E6C1E7229BE0045B330 /* UIKit.framework in Frameworks */,
				B17D8E6A1E7229B80045B330 /* libsqlite3.tbd in Frameworks */,
				B17D8E681E7229AD0045B330 /* libz.tbd in Frameworks */,
				B17D8E651E72299D0045B330 /* FBSDKCoreKit.framework in Frameworks */,
				B17D8E661E72299D0045B330 /* FBSDKLoginKit.framework in Frameworks */,
				B17D8E701E7229DB0045B330 /* AWSMobileHubHelper.framework in Frameworks */,
				B17D8E601E7229840045B330 /* AWSS3.framework in Frameworks */,
				B17D8E5A1E7229840045B330 /* AWSCognito.framework in Frameworks */,
				B17D8E5E1E7229840045B330 /* AWSDynamoDB.framework in Frameworks */,
				B17D8E5C1E7229840045B330 /* AWSCore.framework in Frameworks */,
			);
			runOnlyForDeploymentPostprocessing = 0;
		};
/* End PBXFrameworksBuildPhase section */

/* Begin PBXGroup section */
		B17D8E311E7228890045B330 = {
			isa = PBXGroup;
			children = (
				B17D8E551E72291F0045B330 /* Frameworks */,
				B17D8E3C1E7228890045B330 /* BuddyUp */,
				B17D8E3B1E7228890045B330 /* Products */,
			);
			sourceTree = "<group>";
		};
		B17D8E3B1E7228890045B330 /* Products */ = {
			isa = PBXGroup;
			children = (
				B17D8E3A1E7228890045B330 /* BuddyUp.app */,
			);
			name = Products;
			sourceTree = "<group>";
		};
		B17D8E3C1E7228890045B330 /* BuddyUp */ = {
			isa = PBXGroup;
			children = (
				B17D8E7B1E722A540045B330 /* StoryBoards */,
				B17D8E801E722A7C0045B330 /* Swift Files */,
				B17D8E471E7228890045B330 /* Assets.xcassets */,
				B17D8E4C1E7228890045B330 /* Info.plist */,
				B17D8E441E7228890045B330 /* BuddyUp.xcdatamodeld */,
			);
			path = BuddyUp;
			sourceTree = "<group>";
		};
		B17D8E551E72291F0045B330 /* Frameworks */ = {
			isa = PBXGroup;
			children = (
				B17D8E791E722A060045B330 /* SafariServices.framework */,
				B17D8E771E722A010045B330 /* MediaPlayer.framework */,
				B17D8E751E7229F90045B330 /* Foundation.framework */,
				B17D8E731E7229F10045B330 /* CFNetwork.framework */,
				B17D8E711E7229E80045B330 /* Security.framework */,
				B17D8E6D1E7229CD0045B330 /* SystemConfiguration.framework */,
				B17D8E6B1E7229BE0045B330 /* UIKit.framework */,
				B17D8E691E7229B80045B330 /* libsqlite3.tbd */,
				B17D8E671E7229AD0045B330 /* libz.tbd */,
				B17D8E9F1E723C3E0045B330 /* AWSCognitoIdentityProvider.framework */,
				B17D8E6F1E7229DB0045B330 /* AWSMobileHubHelper.framework */,
				B17D8E631E72299D0045B330 /* FBSDKCoreKit.framework */,
				B17D8E641E72299D0045B330 /* FBSDKLoginKit.framework */,
				B17D8E561E7229840045B330 /* AWSCognito.framework */,
				B17D8E571E7229840045B330 /* AWSCore.framework */,
				B17D8E581E7229840045B330 /* AWSDynamoDB.framework */,
				B17D8E591E7229840045B330 /* AWSS3.framework */,
			);
			path = Frameworks;
			sourceTree = "<group>";
		};
		B17D8E7B1E722A540045B330 /* StoryBoards */ = {
			isa = PBXGroup;
			children = (
				B17D8E991E7237A70045B330 /* UserPools.storyboard */,
				B17D8E7C1E722A540045B330 /* LaunchScreen.storyboard */,
				B17D8E7D1E722A540045B330 /* SignIn.storyboard */,
			);
			path = StoryBoards;
			sourceTree = "<group>";
		};
		B17D8E801E722A7C0045B330 /* Swift Files */ = {
			isa = PBXGroup;
			children = (
				B17D8E8D1E7237850045B330 /* SignInViewControllerExtensions.swift */,
				B17D8E8E1E7237850045B330 /* UserPoolForgotPasswordViewController.swift */,
				B17D8E8F1E7237850045B330 /* UserPoolMFAViewController.swift */,
				B17D8E901E7237850045B330 /* UserPoolNewPasswordViewController.swift */,
				B17D8E911E7237850045B330 /* UserPoolSignUpConfirmationViewController.swift */,
				B17D8E921E7237850045B330 /* UserPoolSignUpViewController.swift */,
				B17D8E851E722D540045B330 /* AWSMobileClient.swift */,
				B17D8E811E722A7C0045B330 /* AppDelegate.swift */,
				B17D8E821E722A7C0045B330 /* SignInViewController.swift */,
			);
			path = "Swift Files";
			sourceTree = "<group>";
		};
/* End PBXGroup section */

/* Begin PBXNativeTarget section */
		B17D8E391E7228890045B330 /* BuddyUp */ = {
			isa = PBXNativeTarget;
			buildConfigurationList = B17D8E4F1E7228890045B330 /* Build configuration list for PBXNativeTarget "BuddyUp" */;
			buildPhases = (
				B17D8E361E7228890045B330 /* Sources */,
				B17D8E371E7228890045B330 /* Frameworks */,
				B17D8E381E7228890045B330 /* Resources */,
				B17D8E621E7229840045B330 /* Embed Frameworks */,
			);
			buildRules = (
			);
			dependencies = (
			);
			name = BuddyUp;
			productName = BuddyUp;
			productReference = B17D8E3A1E7228890045B330 /* BuddyUp.app */;
			productType = "com.apple.product-type.application";
		};
/* End PBXNativeTarget section */

/* Begin PBXProject section */
		B17D8E321E7228890045B330 /* Project object */ = {
			isa = PBXProject;
			attributes = {
				LastSwiftUpdateCheck = 0820;
				LastUpgradeCheck = 0820;
				ORGANIZATIONNAME = "Kyle Phan";
				TargetAttributes = {
					B17D8E391E7228890045B330 = {
						CreatedOnToolsVersion = 8.2.1;
						DevelopmentTeam = 66R584JSQD;
						ProvisioningStyle = Automatic;
					};
				};
			};
			buildConfigurationList = B17D8E351E7228890045B330 /* Build configuration list for PBXProject "BuddyUp" */;
			compatibilityVersion = "Xcode 3.2";
			developmentRegion = English;
			hasScannedForEncodings = 0;
			knownRegions = (
				en,
				Base,
			);
			mainGroup = B17D8E311E7228890045B330;
			productRefGroup = B17D8E3B1E7228890045B330 /* Products */;
			projectDirPath = "";
			projectRoot = "";
			targets = (
				B17D8E391E7228890045B330 /* BuddyUp */,
			);
		};
/* End PBXProject section */

/* Begin PBXResourcesBuildPhase section */
		B17D8E381E7228890045B330 /* Resources */ = {
			isa = PBXResourcesBuildPhase;
			buildActionMask = 2147483647;
			files = (
				B17D8E7F1E722A540045B330 /* SignIn.storyboard in Resources */,
				B17D8E7E1E722A540045B330 /* LaunchScreen.storyboard in Resources */,
				B17D8E481E7228890045B330 /* Assets.xcassets in Resources */,
				B17D8E9A1E7237A70045B330 /* UserPools.storyboard in Resources */,
			);
			runOnlyForDeploymentPostprocessing = 0;
		};
/* End PBXResourcesBuildPhase section */

/* Begin PBXSourcesBuildPhase section */
		B17D8E361E7228890045B330 /* Sources */ = {
			isa = PBXSourcesBuildPhase;
			buildActionMask = 2147483647;
			files = (
				B17D8E951E7237850045B330 /* UserPoolMFAViewController.swift in Sources */,
				B17D8E931E7237850045B330 /* SignInViewControllerExtensions.swift in Sources */,
				B17D8E841E722A7C0045B330 /* SignInViewController.swift in Sources */,
				B17D8E981E7237850045B330 /* UserPoolSignUpViewController.swift in Sources */,
				B17D8E971E7237850045B330 /* UserPoolSignUpConfirmationViewController.swift in Sources */,
				B17D8E831E722A7C0045B330 /* AppDelegate.swift in Sources */,
				B17D8E861E722D540045B330 /* AWSMobileClient.swift in Sources */,
				B17D8E461E7228890045B330 /* BuddyUp.xcdatamodeld in Sources */,
				B17D8E941E7237850045B330 /* UserPoolForgotPasswordViewController.swift in Sources */,
				B17D8E961E7237850045B330 /* UserPoolNewPasswordViewController.swift in Sources */,
			);
			runOnlyForDeploymentPostprocessing = 0;
		};
/* End PBXSourcesBuildPhase section */

/* Begin XCBuildConfiguration section */
		B17D8E4D1E7228890045B330 /* Debug */ = {
			isa = XCBuildConfiguration;
			buildSettings = {
				ALWAYS_SEARCH_USER_PATHS = NO;
				CLANG_ANALYZER_NONNULL = YES;
				CLANG_CXX_LANGUAGE_STANDARD = "gnu++0x";
				CLANG_CXX_LIBRARY = "libc++";
				CLANG_ENABLE_MODULES = YES;
				CLANG_ENABLE_OBJC_ARC = YES;
				CLANG_WARN_BOOL_CONVERSION = YES;
				CLANG_WARN_CONSTANT_CONVERSION = YES;
				CLANG_WARN_DIRECT_OBJC_ISA_USAGE = YES_ERROR;
				CLANG_WARN_DOCUMENTATION_COMMENTS = YES;
				CLANG_WARN_EMPTY_BODY = YES;
				CLANG_WARN_ENUM_CONVERSION = YES;
				CLANG_WARN_INFINITE_RECURSION = YES;
				CLANG_WARN_INT_CONVERSION = YES;
				CLANG_WARN_OBJC_ROOT_CLASS = YES_ERROR;
				CLANG_WARN_SUSPICIOUS_MOVE = YES;
				CLANG_WARN_UNREACHABLE_CODE = YES;
				CLANG_WARN__DUPLICATE_METHOD_MATCH = YES;
				"CODE_SIGN_IDENTITY[sdk=iphoneos*]" = "iPhone Developer";
				COPY_PHASE_STRIP = NO;
				DEBUG_INFORMATION_FORMAT = dwarf;
				ENABLE_STRICT_OBJC_MSGSEND = YES;
				ENABLE_TESTABILITY = YES;
				GCC_C_LANGUAGE_STANDARD = gnu99;
				GCC_DYNAMIC_NO_PIC = NO;
				GCC_NO_COMMON_BLOCKS = YES;
				GCC_OPTIMIZATION_LEVEL = 0;
				GCC_PREPROCESSOR_DEFINITIONS = (
					"DEBUG=1",
					"$(inherited)",
				);
				GCC_WARN_64_TO_32_BIT_CONVERSION = YES;
				GCC_WARN_ABOUT_RETURN_TYPE = YES_ERROR;
				GCC_WARN_UNDECLARED_SELECTOR = YES;
				GCC_WARN_UNINITIALIZED_AUTOS = YES_AGGRESSIVE;
				GCC_WARN_UNUSED_FUNCTION = YES;
				GCC_WARN_UNUSED_VARIABLE = YES;
				IPHONEOS_DEPLOYMENT_TARGET = 10.2;
				MTL_ENABLE_DEBUG_INFO = YES;
				ONLY_ACTIVE_ARCH = YES;
				SDKROOT = iphoneos;
				SWIFT_ACTIVE_COMPILATION_CONDITIONS = DEBUG;
				SWIFT_OPTIMIZATION_LEVEL = "-Onone";
			};
			name = Debug;
		};
		B17D8E4E1E7228890045B330 /* Release */ = {
			isa = XCBuildConfiguration;
			buildSettings = {
				ALWAYS_SEARCH_USER_PATHS = NO;
				CLANG_ANALYZER_NONNULL = YES;
				CLANG_CXX_LANGUAGE_STANDARD = "gnu++0x";
				CLANG_CXX_LIBRARY = "libc++";
				CLANG_ENABLE_MODULES = YES;
				CLANG_ENABLE_OBJC_ARC = YES;
				CLANG_WARN_BOOL_CONVERSION = YES;
				CLANG_WARN_CONSTANT_CONVERSION = YES;
				CLANG_WARN_DIRECT_OBJC_ISA_USAGE = YES_ERROR;
				CLANG_WARN_DOCUMENTATION_COMMENTS = YES;
				CLANG_WARN_EMPTY_BODY = YES;
				CLANG_WARN_ENUM_CONVERSION = YES;
				CLANG_WARN_INFINITE_RECURSION = YES;
				CLANG_WARN_INT_CONVERSION = YES;
				CLANG_WARN_OBJC_ROOT_CLASS = YES_ERROR;
				CLANG_WARN_SUSPICIOUS_MOVE = YES;
				CLANG_WARN_UNREACHABLE_CODE = YES;
				CLANG_WARN__DUPLICATE_METHOD_MATCH = YES;
				"CODE_SIGN_IDENTITY[sdk=iphoneos*]" = "iPhone Developer";
				COPY_PHASE_STRIP = NO;
				DEBUG_INFORMATION_FORMAT = "dwarf-with-dsym";
				ENABLE_NS_ASSERTIONS = NO;
				ENABLE_STRICT_OBJC_MSGSEND = YES;
				GCC_C_LANGUAGE_STANDARD = gnu99;
				GCC_NO_COMMON_BLOCKS = YES;
				GCC_WARN_64_TO_32_BIT_CONVERSION = YES;
				GCC_WARN_ABOUT_RETURN_TYPE = YES_ERROR;
				GCC_WARN_UNDECLARED_SELECTOR = YES;
				GCC_WARN_UNINITIALIZED_AUTOS = YES_AGGRESSIVE;
				GCC_WARN_UNUSED_FUNCTION = YES;
				GCC_WARN_UNUSED_VARIABLE = YES;
				IPHONEOS_DEPLOYMENT_TARGET = 10.2;
				MTL_ENABLE_DEBUG_INFO = NO;
				SDKROOT = iphoneos;
				SWIFT_OPTIMIZATION_LEVEL = "-Owholemodule";
				VALIDATE_PRODUCT = YES;
			};
			name = Release;
		};
		B17D8E501E7228890045B330 /* Debug */ = {
			isa = XCBuildConfiguration;
			buildSettings = {
				ASSETCATALOG_COMPILER_APPICON_NAME = AppIcon;
				DEVELOPMENT_TEAM = 66R584JSQD;
				FRAMEWORK_SEARCH_PATHS = (
					"$(inherited)",
					"$(PROJECT_DIR)/Frameworks",
				);
				INFOPLIST_FILE = BuddyUp/Info.plist;
				LD_RUNPATH_SEARCH_PATHS = "$(inherited) @executable_path/Frameworks";
				PRODUCT_BUNDLE_IDENTIFIER = "shellfire.Buddy-Up";
				PRODUCT_NAME = "$(TARGET_NAME)";
				SWIFT_VERSION = 3.0;
			};
			name = Debug;
		};
		B17D8E511E7228890045B330 /* Release */ = {
			isa = XCBuildConfiguration;
			buildSettings = {
				ASSETCATALOG_COMPILER_APPICON_NAME = AppIcon;
				DEVELOPMENT_TEAM = 66R584JSQD;
				FRAMEWORK_SEARCH_PATHS = (
					"$(inherited)",
					"$(PROJECT_DIR)/Frameworks",
				);
				INFOPLIST_FILE = BuddyUp/Info.plist;
				LD_RUNPATH_SEARCH_PATHS = "$(inherited) @executable_path/Frameworks";
				PRODUCT_BUNDLE_IDENTIFIER = "shellfire.Buddy-Up";
				PRODUCT_NAME = "$(TARGET_NAME)";
				SWIFT_VERSION = 3.0;
			};
			name = Release;
		};
/* End XCBuildConfiguration section */

/* Begin XCConfigurationList section */
		B17D8E351E7228890045B330 /* Build configuration list for PBXProject "BuddyUp" */ = {
			isa = XCConfigurationList;
			buildConfigurations = (
				B17D8E4D1E7228890045B330 /* Debug */,
				B17D8E4E1E7228890045B330 /* Release */,
			);
			defaultConfigurationIsVisible = 0;
			defaultConfigurationName = Release;
		};
		B17D8E4F1E7228890045B330 /* Build configuration list for PBXNativeTarget "BuddyUp" */ = {
			isa = XCConfigurationList;
			buildConfigurations = (
				B17D8E501E7228890045B330 /* Debug */,
				B17D8E511E7228890045B330 /* Release */,
			);
			defaultConfigurationIsVisible = 0;
		};
/* End XCConfigurationList section */

/* Begin XCVersionGroup section */
		B17D8E441E7228890045B330 /* BuddyUp.xcdatamodeld */ = {
			isa = XCVersionGroup;
			children = (
				B17D8E451E7228890045B330 /* BuddyUp.xcdatamodel */,
			);
			currentVersion = B17D8E451E7228890045B330 /* BuddyUp.xcdatamodel */;
			path = BuddyUp.xcdatamodeld;
			sourceTree = "<group>";
			versionGroupType = wrapper.xcdatamodel;
		};
/* End XCVersionGroup section */
	};
	rootObject = B17D8E321E7228890045B330 /* Project object */;
}
